// !$*UTF8*$!
{
	archiveVersion = 1;
	classes = {
	};
	objectVersion = 48;
	objects = {

/* Begin PBXBuildFile section */
		6B8FF04C2068ED5200BB9F01 /* CenterMenuView.swift in Sources */ = {isa = PBXBuildFile; fileRef = 6B8FF04B2068ED5200BB9F01 /* CenterMenuView.swift */; };
		6B8FF04E2068F18000BB9F01 /* CenterMenuController.swift in Sources */ = {isa = PBXBuildFile; fileRef = 6B8FF04D2068F18000BB9F01 /* CenterMenuController.swift */; };
		F801E15C2064F28900770D46 /* AppDelegate.swift in Sources */ = {isa = PBXBuildFile; fileRef = F801E15B2064F28900770D46 /* AppDelegate.swift */; };
		F801E1632064F28900770D46 /* Assets.xcassets in Resources */ = {isa = PBXBuildFile; fileRef = F801E1622064F28900770D46 /* Assets.xcassets */; };
		F801E1662064F28900770D46 /* LaunchScreen.storyboard in Resources */ = {isa = PBXBuildFile; fileRef = F801E1642064F28900770D46 /* LaunchScreen.storyboard */; };
		F801E16F2064F35300770D46 /* TabbarViewController.swift in Sources */ = {isa = PBXBuildFile; fileRef = F801E16E2064F35300770D46 /* TabbarViewController.swift */; };
		F801E1722064F3B300770D46 /* HomeViewController.swift in Sources */ = {isa = PBXBuildFile; fileRef = F801E1712064F3B300770D46 /* HomeViewController.swift */; };
		F801E1742064F56200770D46 /* NavigationViewController.swift in Sources */ = {isa = PBXBuildFile; fileRef = F801E1732064F56200770D46 /* NavigationViewController.swift */; };
		F801E1782064F78600770D46 /* NetWorkManager.swift in Sources */ = {isa = PBXBuildFile; fileRef = F801E1772064F78600770D46 /* NetWorkManager.swift */; };
		F801E17A2064FF3200770D46 /* NetWorkTool.swift in Sources */ = {isa = PBXBuildFile; fileRef = F801E1792064FF3200770D46 /* NetWorkTool.swift */; };
		F801E17D2065033500770D46 /* Const.swift in Sources */ = {isa = PBXBuildFile; fileRef = F801E17C2065033500770D46 /* Const.swift */; };
		F801E1812065103900770D46 /* Models.swift in Sources */ = {isa = PBXBuildFile; fileRef = F801E1802065103900770D46 /* Models.swift */; };
		F801E1832068CAAE00770D46 /* HomeNaviView.swift in Sources */ = {isa = PBXBuildFile; fileRef = F801E1822068CAAE00770D46 /* HomeNaviView.swift */; };
		F801E1852068CCBA00770D46 /* HomeNaviView.xib in Resources */ = {isa = PBXBuildFile; fileRef = F801E1842068CCBA00770D46 /* HomeNaviView.xib */; };
		F809DCAF2068D06900C8595E /* UIKit+Extention.swift in Sources */ = {isa = PBXBuildFile; fileRef = F809DCAE2068D06900C8595E /* UIKit+Extention.swift */; };
		F809DCB22068D42700C8595E /* YHPageTitleView.swift in Sources */ = {isa = PBXBuildFile; fileRef = F809DCB12068D42700C8595E /* YHPageTitleView.swift */; };
/* End PBXBuildFile section */

/* Begin PBXFileReference section */
		6B8FF04B2068ED5200BB9F01 /* CenterMenuView.swift */ = {isa = PBXFileReference; lastKnownFileType = sourcecode.swift; path = CenterMenuView.swift; sourceTree = "<group>"; };
		6B8FF04D2068F18000BB9F01 /* CenterMenuController.swift */ = {isa = PBXFileReference; lastKnownFileType = sourcecode.swift; path = CenterMenuController.swift; sourceTree = "<group>"; };
		F801E1582064F28900770D46 /* YHNews.app */ = {isa = PBXFileReference; explicitFileType = wrapper.application; includeInIndex = 0; path = YHNews.app; sourceTree = BUILT_PRODUCTS_DIR; };
		F801E15B2064F28900770D46 /* AppDelegate.swift */ = {isa = PBXFileReference; lastKnownFileType = sourcecode.swift; path = AppDelegate.swift; sourceTree = "<group>"; };
		F801E1622064F28900770D46 /* Assets.xcassets */ = {isa = PBXFileReference; lastKnownFileType = folder.assetcatalog; path = Assets.xcassets; sourceTree = "<group>"; };
		F801E1652064F28900770D46 /* Base */ = {isa = PBXFileReference; lastKnownFileType = file.storyboard; name = Base; path = Base.lproj/LaunchScreen.storyboard; sourceTree = "<group>"; };
		F801E1672064F28900770D46 /* Info.plist */ = {isa = PBXFileReference; lastKnownFileType = text.plist.xml; path = Info.plist; sourceTree = "<group>"; };
		F801E16E2064F35300770D46 /* TabbarViewController.swift */ = {isa = PBXFileReference; lastKnownFileType = sourcecode.swift; path = TabbarViewController.swift; sourceTree = "<group>"; };
		F801E1712064F3B300770D46 /* HomeViewController.swift */ = {isa = PBXFileReference; lastKnownFileType = sourcecode.swift; path = HomeViewController.swift; sourceTree = "<group>"; };
		F801E1732064F56200770D46 /* NavigationViewController.swift */ = {isa = PBXFileReference; lastKnownFileType = sourcecode.swift; path = NavigationViewController.swift; sourceTree = "<group>"; };
		F801E1772064F78600770D46 /* NetWorkManager.swift */ = {isa = PBXFileReference; lastKnownFileType = sourcecode.swift; path = NetWorkManager.swift; sourceTree = "<group>"; };
		F801E1792064FF3200770D46 /* NetWorkTool.swift */ = {isa = PBXFileReference; lastKnownFileType = sourcecode.swift; path = NetWorkTool.swift; sourceTree = "<group>"; };
		F801E17C2065033500770D46 /* Const.swift */ = {isa = PBXFileReference; lastKnownFileType = sourcecode.swift; path = Const.swift; sourceTree = "<group>"; };
		F801E1802065103900770D46 /* Models.swift */ = {isa = PBXFileReference; lastKnownFileType = sourcecode.swift; path = Models.swift; sourceTree = "<group>"; };
		F801E1822068CAAE00770D46 /* HomeNaviView.swift */ = {isa = PBXFileReference; lastKnownFileType = sourcecode.swift; path = HomeNaviView.swift; sourceTree = "<group>"; };
		F801E1842068CCBA00770D46 /* HomeNaviView.xib */ = {isa = PBXFileReference; lastKnownFileType = file.xib; path = HomeNaviView.xib; sourceTree = "<group>"; };
		F809DCAE2068D06900C8595E /* UIKit+Extention.swift */ = {isa = PBXFileReference; lastKnownFileType = sourcecode.swift; path = "UIKit+Extention.swift"; sourceTree = "<group>"; };
		F809DCB12068D42700C8595E /* YHPageTitleView.swift */ = {isa = PBXFileReference; lastKnownFileType = sourcecode.swift; path = YHPageTitleView.swift; sourceTree = "<group>"; };
/* End PBXFileReference section */

/* Begin PBXFrameworksBuildPhase section */
		F801E1552064F28900770D46 /* Frameworks */ = {
			isa = PBXFrameworksBuildPhase;
			buildActionMask = 2147483647;
			files = (
			);
			runOnlyForDeploymentPostprocessing = 0;
		};
/* End PBXFrameworksBuildPhase section */

/* Begin PBXGroup section */
		6B8FF04A2068ECB300BB9F01 /* CenterMenu */ = {
			isa = PBXGroup;
			children = (
				6B8FF04B2068ED5200BB9F01 /* CenterMenuView.swift */,
				6B8FF04D2068F18000BB9F01 /* CenterMenuController.swift */,
			);
			path = CenterMenu;
			sourceTree = "<group>";
		};
		F801E14F2064F28800770D46 = {
			isa = PBXGroup;
			children = (
				F801E15A2064F28900770D46 /* YHNews */,
				F801E1592064F28900770D46 /* Products */,
			);
			sourceTree = "<group>";
		};
		F801E1592064F28900770D46 /* Products */ = {
			isa = PBXGroup;
			children = (
				F801E1582064F28900770D46 /* YHNews.app */,
			);
			name = Products;
			sourceTree = "<group>";
		};
		F801E15A2064F28900770D46 /* YHNews */ = {
			isa = PBXGroup;
			children = (
				6B8FF04A2068ECB300BB9F01 /* CenterMenu */,
				F809DCB02068D3A500C8595E /* CustomControl */,
				F809DCAD2068D05700C8595E /* extention */,
				F801E17B2065032200770D46 /* const */,
				F801E1762064F64400770D46 /* NetWork */,
				F801E17E2065101300770D46 /* models */,
				F801E1702064F39200770D46 /* Home */,
				F801E16D2064F30000770D46 /* Tabar */,
				F801E15B2064F28900770D46 /* AppDelegate.swift */,
				F801E1622064F28900770D46 /* Assets.xcassets */,
				F801E1642064F28900770D46 /* LaunchScreen.storyboard */,
				F801E1672064F28900770D46 /* Info.plist */,
			);
			path = YHNews;
			sourceTree = "<group>";
		};
		F801E16D2064F30000770D46 /* Tabar */ = {
			isa = PBXGroup;
			children = (
				F801E16E2064F35300770D46 /* TabbarViewController.swift */,
				F801E1732064F56200770D46 /* NavigationViewController.swift */,
			);
			path = Tabar;
			sourceTree = "<group>";
		};
		F801E1702064F39200770D46 /* Home */ = {
			isa = PBXGroup;
			children = (
				F801E1752064F62E00770D46 /* view */,
				F801E1712064F3B300770D46 /* HomeViewController.swift */,
			);
			path = Home;
			sourceTree = "<group>";
		};
		F801E1752064F62E00770D46 /* view */ = {
			isa = PBXGroup;
			children = (
				F801E1822068CAAE00770D46 /* HomeNaviView.swift */,
				F801E1842068CCBA00770D46 /* HomeNaviView.xib */,
			);
			path = view;
			sourceTree = "<group>";
		};
		F801E1762064F64400770D46 /* NetWork */ = {
			isa = PBXGroup;
			children = (
				F801E1772064F78600770D46 /* NetWorkManager.swift */,
				F801E1792064FF3200770D46 /* NetWorkTool.swift */,
			);
			path = NetWork;
			sourceTree = "<group>";
		};
		F801E17B2065032200770D46 /* const */ = {
			isa = PBXGroup;
			children = (
				F801E17C2065033500770D46 /* Const.swift */,
			);
			path = const;
			sourceTree = "<group>";
		};
		F801E17E2065101300770D46 /* models */ = {
			isa = PBXGroup;
			children = (
				F801E1802065103900770D46 /* Models.swift */,
			);
			path = models;
			sourceTree = "<group>";
		};
		F809DCAD2068D05700C8595E /* extention */ = {
			isa = PBXGroup;
			children = (
				F809DCAE2068D06900C8595E /* UIKit+Extention.swift */,
			);
			path = extention;
			sourceTree = "<group>";
		};
		F809DCB02068D3A500C8595E /* CustomControl */ = {
			isa = PBXGroup;
			children = (
				F809DCB12068D42700C8595E /* YHPageTitleView.swift */,
			);
			path = CustomControl;
			sourceTree = "<group>";
		};
/* End PBXGroup section */

/* Begin PBXNativeTarget section */
		F801E1572064F28900770D46 /* YHNews */ = {
			isa = PBXNativeTarget;
			buildConfigurationList = F801E16A2064F28900770D46 /* Build configuration list for PBXNativeTarget "YHNews" */;
			buildPhases = (
				F801E1542064F28900770D46 /* Sources */,
				F801E1552064F28900770D46 /* Frameworks */,
				F801E1562064F28900770D46 /* Resources */,
			);
			buildRules = (
			);
			dependencies = (
			);
			name = YHNews;
			productName = YHNews;
			productReference = F801E1582064F28900770D46 /* YHNews.app */;
			productType = "com.apple.product-type.application";
		};
/* End PBXNativeTarget section */

/* Begin PBXProject section */
		F801E1502064F28800770D46 /* Project object */ = {
			isa = PBXProject;
			attributes = {
				LastSwiftUpdateCheck = 0920;
				LastUpgradeCheck = 0920;
				ORGANIZATIONNAME = YH;
				TargetAttributes = {
					F801E1572064F28900770D46 = {
						CreatedOnToolsVersion = 9.2;
						ProvisioningStyle = Automatic;
					};
				};
			};
			buildConfigurationList = F801E1532064F28800770D46 /* Build configuration list for PBXProject "YHNews" */;
			compatibilityVersion = "Xcode 8.0";
			developmentRegion = en;
			hasScannedForEncodings = 0;
			knownRegions = (
				en,
				Base,
			);
			mainGroup = F801E14F2064F28800770D46;
			productRefGroup = F801E1592064F28900770D46 /* Products */;
			projectDirPath = "";
			projectRoot = "";
			targets = (
				F801E1572064F28900770D46 /* YHNews */,
			);
		};
/* End PBXProject section */

/* Begin PBXResourcesBuildPhase section */
		F801E1562064F28900770D46 /* Resources */ = {
			isa = PBXResourcesBuildPhase;
			buildActionMask = 2147483647;
			files = (
				F801E1662064F28900770D46 /* LaunchScreen.storyboard in Resources */,
				F801E1632064F28900770D46 /* Assets.xcassets in Resources */,
				F801E1852068CCBA00770D46 /* HomeNaviView.xib in Resources */,
			);
			runOnlyForDeploymentPostprocessing = 0;
		};
/* End PBXResourcesBuildPhase section */

/* Begin PBXSourcesBuildPhase section */
		F801E1542064F28900770D46 /* Sources */ = {
			isa = PBXSourcesBuildPhase;
			buildActionMask = 2147483647;
			files = (
				6B8FF04E2068F18000BB9F01 /* CenterMenuController.swift in Sources */,
				6B8FF04C2068ED5200BB9F01 /* CenterMenuView.swift in Sources */,
				F801E1832068CAAE00770D46 /* HomeNaviView.swift in Sources */,
				F801E17A2064FF3200770D46 /* NetWorkTool.swift in Sources */,
				F801E1782064F78600770D46 /* NetWorkManager.swift in Sources */,
				F801E1742064F56200770D46 /* NavigationViewController.swift in Sources */,
				F809DCB22068D42700C8595E /* YHPageTitleView.swift in Sources */,
				F801E1812065103900770D46 /* Models.swift in Sources */,
				F801E16F2064F35300770D46 /* TabbarViewController.swift in Sources */,
				F801E15C2064F28900770D46 /* AppDelegate.swift in Sources */,
				F801E1722064F3B300770D46 /* HomeViewController.swift in Sources */,
				F801E17D2065033500770D46 /* Const.swift in Sources */,
				F809DCAF2068D06900C8595E /* UIKit+Extention.swift in Sources */,
			);
			runOnlyForDeploymentPostprocessing = 0;
		};
/* End PBXSourcesBuildPhase section */

/* Begin PBXVariantGroup section */
		F801E1642064F28900770D46 /* LaunchScreen.storyboard */ = {
			isa = PBXVariantGroup;
			children = (
				F801E1652064F28900770D46 /* Base */,
			);
			name = LaunchScreen.storyboard;
			sourceTree = "<group>";
		};
/* End PBXVariantGroup section */

/* Begin XCBuildConfiguration section */
		F801E1682064F28900770D46 /* Debug */ = {
			isa = XCBuildConfiguration;
			buildSettings = {
				ALWAYS_SEARCH_USER_PATHS = NO;
				CLANG_ANALYZER_NONNULL = YES;
				CLANG_ANALYZER_NUMBER_OBJECT_CONVERSION = YES_AGGRESSIVE;
				CLANG_CXX_LANGUAGE_STANDARD = "gnu++14";
				CLANG_CXX_LIBRARY = "libc++";
				CLANG_ENABLE_MODULES = YES;
				CLANG_ENABLE_OBJC_ARC = YES;
				CLANG_WARN_BLOCK_CAPTURE_AUTORELEASING = YES;
				CLANG_WARN_BOOL_CONVERSION = YES;
				CLANG_WARN_COMMA = YES;
				CLANG_WARN_CONSTANT_CONVERSION = YES;
				CLANG_WARN_DIRECT_OBJC_ISA_USAGE = YES_ERROR;
				CLANG_WARN_DOCUMENTATION_COMMENTS = YES;
				CLANG_WARN_EMPTY_BODY = YES;
				CLANG_WARN_ENUM_CONVERSION = YES;
				CLANG_WARN_INFINITE_RECURSION = YES;
				CLANG_WARN_INT_CONVERSION = YES;
				CLANG_WARN_NON_LITERAL_NULL_CONVERSION = YES;
				CLANG_WARN_OBJC_LITERAL_CONVERSION = YES;
				CLANG_WARN_OBJC_ROOT_CLASS = YES_ERROR;
				CLANG_WARN_RANGE_LOOP_ANALYSIS = YES;
				CLANG_WARN_STRICT_PROTOTYPES = YES;
				CLANG_WARN_SUSPICIOUS_MOVE = YES;
				CLANG_WARN_UNGUARDED_AVAILABILITY = YES_AGGRESSIVE;
				CLANG_WARN_UNREACHABLE_CODE = YES;
				CLANG_WARN__DUPLICATE_METHOD_MATCH = YES;
				CODE_SIGN_IDENTITY = "iPhone Developer";
				COPY_PHASE_STRIP = NO;
				DEBUG_INFORMATION_FORMAT = dwarf;
				ENABLE_STRICT_OBJC_MSGSEND = YES;
				ENABLE_TESTABILITY = YES;
				GCC_C_LANGUAGE_STANDARD = gnu11;
				GCC_DYNAMIC_NO_PIC = NO;
				GCC_NO_COMMON_BLOCKS = YES;
				GCC_OPTIMIZATION_LEVEL = 0;
				GCC_PREPROCESSOR_DEFINITIONS = (
					"DEBUG=1",
					"$(inherited)",
				);
				GCC_WARN_64_TO_32_BIT_CONVERSION = YES;
				GCC_WARN_ABOUT_RETURN_TYPE = YES_ERROR;
				GCC_WARN_UNDECLARED_SELECTOR = YES;
				GCC_WARN_UNINITIALIZED_AUTOS = YES_AGGRESSIVE;
				GCC_WARN_UNUSED_FUNCTION = YES;
				GCC_WARN_UNUSED_VARIABLE = YES;
				IPHONEOS_DEPLOYMENT_TARGET = 11.2;
				MTL_ENABLE_DEBUG_INFO = YES;
				ONLY_ACTIVE_ARCH = YES;
				SDKROOT = iphoneos;
				SWIFT_ACTIVE_COMPILATION_CONDITIONS = DEBUG;
				SWIFT_OPTIMIZATION_LEVEL = "-Onone";
			};
			name = Debug;
		};
		F801E1692064F28900770D46 /* Release */ = {
			isa = XCBuildConfiguration;
			buildSettings = {
				ALWAYS_SEARCH_USER_PATHS = NO;
				CLANG_ANALYZER_NONNULL = YES;
				CLANG_ANALYZER_NUMBER_OBJECT_CONVERSION = YES_AGGRESSIVE;
				CLANG_CXX_LANGUAGE_STANDARD = "gnu++14";
				CLANG_CXX_LIBRARY = "libc++";
				CLANG_ENABLE_MODULES = YES;
				CLANG_ENABLE_OBJC_ARC = YES;
				CLANG_WARN_BLOCK_CAPTURE_AUTORELEASING = YES;
				CLANG_WARN_BOOL_CONVERSION = YES;
				CLANG_WARN_COMMA = YES;
				CLANG_WARN_CONSTANT_CONVERSION = YES;
				CLANG_WARN_DIRECT_OBJC_ISA_USAGE = YES_ERROR;
				CLANG_WARN_DOCUMENTATION_COMMENTS = YES;
				CLANG_WARN_EMPTY_BODY = YES;
				CLANG_WARN_ENUM_CONVERSION = YES;
				CLANG_WARN_INFINITE_RECURSION = YES;
				CLANG_WARN_INT_CONVERSION = YES;
				CLANG_WARN_NON_LITERAL_NULL_CONVERSION = YES;
				CLANG_WARN_OBJC_LITERAL_CONVERSION = YES;
				CLANG_WARN_OBJC_ROOT_CLASS = YES_ERROR;
				CLANG_WARN_RANGE_LOOP_ANALYSIS = YES;
				CLANG_WARN_STRICT_PROTOTYPES = YES;
				CLANG_WARN_SUSPICIOUS_MOVE = YES;
				CLANG_WARN_UNGUARDED_AVAILABILITY = YES_AGGRESSIVE;
				CLANG_WARN_UNREACHABLE_CODE = YES;
				CLANG_WARN__DUPLICATE_METHOD_MATCH = YES;
				CODE_SIGN_IDENTITY = "iPhone Developer";
				COPY_PHASE_STRIP = NO;
				DEBUG_INFORMATION_FORMAT = "dwarf-with-dsym";
				ENABLE_NS_ASSERTIONS = NO;
				ENABLE_STRICT_OBJC_MSGSEND = YES;
				GCC_C_LANGUAGE_STANDARD = gnu11;
				GCC_NO_COMMON_BLOCKS = YES;
				GCC_WARN_64_TO_32_BIT_CONVERSION = YES;
				GCC_WARN_ABOUT_RETURN_TYPE = YES_ERROR;
				GCC_WARN_UNDECLARED_SELECTOR = YES;
				GCC_WARN_UNINITIALIZED_AUTOS = YES_AGGRESSIVE;
				GCC_WARN_UNUSED_FUNCTION = YES;
				GCC_WARN_UNUSED_VARIABLE = YES;
				IPHONEOS_DEPLOYMENT_TARGET = 11.2;
				MTL_ENABLE_DEBUG_INFO = NO;
				SDKROOT = iphoneos;
				SWIFT_OPTIMIZATION_LEVEL = "-Owholemodule";
				VALIDATE_PRODUCT = YES;
			};
			name = Release;
		};
		F801E16B2064F28900770D46 /* Debug */ = {
			isa = XCBuildConfiguration;
			buildSettings = {
				ASSETCATALOG_COMPILER_APPICON_NAME = AppIcon;
				CODE_SIGN_STYLE = Automatic;
				DEVELOPMENT_TEAM = H4ZWNRJ69U;
				INFOPLIST_FILE = YHNews/Info.plist;
				LD_RUNPATH_SEARCH_PATHS = "$(inherited) @executable_path/Frameworks";
				PRODUCT_BUNDLE_IDENTIFIER = YH.YHNews;
				PRODUCT_NAME = "$(TARGET_NAME)";
				SWIFT_VERSION = 4.0;
				TARGETED_DEVICE_FAMILY = "1,2";
			};
			name = Debug;
		};
		F801E16C2064F28900770D46 /* Release */ = {
			isa = XCBuildConfiguration;
			buildSettings = {
				ASSETCATALOG_COMPILER_APPICON_NAME = AppIcon;
				CODE_SIGN_STYLE = Automatic;
				DEVELOPMENT_TEAM = H4ZWNRJ69U;
				INFOPLIST_FILE = YHNews/Info.plist;
				LD_RUNPATH_SEARCH_PATHS = "$(inherited) @executable_path/Frameworks";
				PRODUCT_BUNDLE_IDENTIFIER = YH.YHNews;
				PRODUCT_NAME = "$(TARGET_NAME)";
				SWIFT_VERSION = 4.0;
				TARGETED_DEVICE_FAMILY = "1,2";
			};
			name = Release;
		};
/* End XCBuildConfiguration section */

/* Begin XCConfigurationList section */
		F801E1532064F28800770D46 /* Build configuration list for PBXProject "YHNews" */ = {
			isa = XCConfigurationList;
			buildConfigurations = (
				F801E1682064F28900770D46 /* Debug */,
				F801E1692064F28900770D46 /* Release */,
			);
			defaultConfigurationIsVisible = 0;
			defaultConfigurationName = Release;
		};
		F801E16A2064F28900770D46 /* Build configuration list for PBXNativeTarget "YHNews" */ = {
			isa = XCConfigurationList;
			buildConfigurations = (
				F801E16B2064F28900770D46 /* Debug */,
				F801E16C2064F28900770D46 /* Release */,
			);
			defaultConfigurationIsVisible = 0;
			defaultConfigurationName = Release;
		};
/* End XCConfigurationList section */
	};
	rootObject = F801E1502064F28800770D46 /* Project object */;
}
